
Microsoft Visual Studio Solution File, Format Version 12.00
# Visual Studio Version 17
VisualStudioVersion = 17.7.34031.279
MinimumVisualStudioVersion = 10.0.40219.1
Project("{FAE04EC0-301F-11D3-BF4B-00C04F79EFBC}") = "Aeroporto", "Biblioteca\Aeroporto.csproj", "{17F7793E-142F-4CBF-8B45-C2B9E9640407}"
EndProject
Project("{FAE04EC0-301F-11D3-BF4B-00C04F79EFBC}") = "CamadaDados", "CamadaDados\CamadaDados.csproj", "{F284D542-9FFB-42ED-8151-8B4B275A7A3A}"
EndProject
Project("{FAE04EC0-301F-11D3-BF4B-00C04F79EFBC}") = "CamadaNegocios", "CamadaNegocios\CamadaNegocios.csproj", "{B4E4FE85-86C2-46C9-8B50-9FB8E56BDFC8}"
EndProject
Project("{2150E333-8FDC-42A3-9474-1A3956D46DE8}") = "Solution Items", "Solution Items", "{C4012AFB-65CA-41BF-8670-B61742FC2EBE}"
	ProjectSection(SolutionItems) = preProject
		Program.cs = Program.cs
	EndProjectSection
EndProject
Global
	GlobalSection(SolutionConfigurationPlatforms) = preSolution
		Debug|Any CPU = Debug|Any CPU
		Release|Any CPU = Release|Any CPU
	EndGlobalSection
	GlobalSection(ProjectConfigurationPlatforms) = postSolution
		{17F7793E-142F-4CBF-8B45-C2B9E9640407}.Debug|Any CPU.ActiveCfg = Debug|Any CPU
		{17F7793E-142F-4CBF-8B45-C2B9E9640407}.Debug|Any CPU.Build.0 = Debug|Any CPU
		{17F7793E-142F-4CBF-8B45-C2B9E9640407}.Release|Any CPU.ActiveCfg = Release|Any CPU
		{17F7793E-142F-4CBF-8B45-C2B9E9640407}.Release|Any CPU.Build.0 = Release|Any CPU
		{F284D542-9FFB-42ED-8151-8B4B275A7A3A}.Debug|Any CPU.ActiveCfg = Debug|Any CPU
		{F284D542-9FFB-42ED-8151-8B4B275A7A3A}.Debug|Any CPU.Build.0 = Debug|Any CPU
		{F284D542-9FFB-42ED-8151-8B4B275A7A3A}.Release|Any CPU.ActiveCfg = Release|Any CPU
		{F284D542-9FFB-42ED-8151-8B4B275A7A3A}.Release|Any CPU.Build.0 = Release|Any CPU
		{B4E4FE85-86C2-46C9-8B50-9FB8E56BDFC8}.Debug|Any CPU.ActiveCfg = Debug|Any CPU
		{B4E4FE85-86C2-46C9-8B50-9FB8E56BDFC8}.Debug|Any CPU.Build.0 = Debug|Any CPU
		{B4E4FE85-86C2-46C9-8B50-9FB8E56BDFC8}.Release|Any CPU.ActiveCfg = Release|Any CPU
		{B4E4FE85-86C2-46C9-8B50-9FB8E56BDFC8}.Release|Any CPU.Build.0 = Release|Any CPU
	EndGlobalSection
	GlobalSection(SolutionProperties) = preSolution
		HideSolutionNode = FALSE
	EndGlobalSection
	GlobalSection(ExtensibilityGlobals) = postSolution
		SolutionGuid = {4C55011C-700E-4793-AFD7-D43A8DF43CC6}
	EndGlobalSection
EndGlobal
